
Microsoft Visual Studio Solution File, Format Version 12.00
# Visual Studio Version 17
VisualStudioVersion = 17.8.34408.163
MinimumVisualStudioVersion = 10.0.40219.1
Project("{FAE04EC0-301F-11D3-BF4B-00C04F79EFBC}") = "Publisher", "Publisher.csproj", "{320E2D63-AD8C-4D64-95E6-9BC4A4F625F8}"
EndProject
Project("{FAE04EC0-301F-11D3-BF4B-00C04F79EFBC}") = "Subscriber", "..\Subscriber\Subscriber.csproj", "{8CDD932B-AF5D-431A-A6D8-422EC12F470F}"
EndProject
Global
	GlobalSection(SolutionConfigurationPlatforms) = preSolution
		Debug|Any CPU = Debug|Any CPU
		Release|Any CPU = Release|Any CPU
	EndGlobalSection
	GlobalSection(ProjectConfigurationPlatforms) = postSolution
		{320E2D63-AD8C-4D64-95E6-9BC4A4F625F8}.Debug|Any CPU.ActiveCfg = Debug|Any CPU
		{320E2D63-AD8C-4D64-95E6-9BC4A4F625F8}.Debug|Any CPU.Build.0 = Debug|Any CPU
		{320E2D63-AD8C-4D64-95E6-9BC4A4F625F8}.Release|Any CPU.ActiveCfg = Release|Any CPU
		{320E2D63-AD8C-4D64-95E6-9BC4A4F625F8}.Release|Any CPU.Build.0 = Release|Any CPU
		{8CDD932B-AF5D-431A-A6D8-422EC12F470F}.Debug|Any CPU.ActiveCfg = Debug|Any CPU
		{8CDD932B-AF5D-431A-A6D8-422EC12F470F}.Debug|Any CPU.Build.0 = Debug|Any CPU
		{8CDD932B-AF5D-431A-A6D8-422EC12F470F}.Release|Any CPU.ActiveCfg = Release|Any CPU
		{8CDD932B-AF5D-431A-A6D8-422EC12F470F}.Release|Any CPU.Build.0 = Release|Any CPU
	EndGlobalSection
	GlobalSection(SolutionProperties) = preSolution
		HideSolutionNode = FALSE
	EndGlobalSection
	GlobalSection(ExtensibilityGlobals) = postSolution
		SolutionGuid = {2497496B-E739-4992-B6E0-21BEC9DB1AF7}
	EndGlobalSection
EndGlobal
